
Microsoft Visual Studio Solution File, Format Version 12.00
# Visual Studio Version 17
VisualStudioVersion = 17.3.32929.385
MinimumVisualStudioVersion = 10.0.40219.1
Project("{FAE04EC0-301F-11D3-BF4B-00C04F79EFBC}") = "ConsoleApp1", "ConsoleApp1\ConsoleApp1.csproj", "{83AE26F1-4AD6-4858-9757-EFB01587199D}"
EndProject
Global
	GlobalSection(SolutionConfigurationPlatforms) = preSolution
		Debug|Any CPU = Debug|Any CPU
		Release|Any CPU = Release|Any CPU
	EndGlobalSection
	GlobalSection(ProjectConfigurationPlatforms) = postSolution
		{83AE26F1-4AD6-4858-9757-EFB01587199D}.Debug|Any CPU.ActiveCfg = Debug|Any CPU
		{83AE26F1-4AD6-4858-9757-EFB01587199D}.Debug|Any CPU.Build.0 = Debug|Any CPU
		{83AE26F1-4AD6-4858-9757-EFB01587199D}.Release|Any CPU.ActiveCfg = Release|Any CPU
		{83AE26F1-4AD6-4858-9757-EFB01587199D}.Release|Any CPU.Build.0 = Release|Any CPU
	EndGlobalSection
	GlobalSection(SolutionProperties) = preSolution
		HideSolutionNode = FALSE
	EndGlobalSection
	GlobalSection(ExtensibilityGlobals) = postSolution
		SolutionGuid = {4D5832B0-97C0-4CA1-B4CF-7F8467190522}
	EndGlobalSection
EndGlobal
