
Microsoft Visual Studio Solution File, Format Version 12.00
# Visual Studio Version 17
VisualStudioVersion = 17.3.32929.385
MinimumVisualStudioVersion = 10.0.40219.1
Project("{FAE04EC0-301F-11D3-BF4B-00C04F79EFBC}") = "ReverseArray", "ReverseArray\ReverseArray.csproj", "{69822874-4D49-4C06-9BC3-27A14818CF1D}"
EndProject
Global
	GlobalSection(SolutionConfigurationPlatforms) = preSolution
		Debug|Any CPU = Debug|Any CPU
		Release|Any CPU = Release|Any CPU
	EndGlobalSection
	GlobalSection(ProjectConfigurationPlatforms) = postSolution
		{69822874-4D49-4C06-9BC3-27A14818CF1D}.Debug|Any CPU.ActiveCfg = Debug|Any CPU
		{69822874-4D49-4C06-9BC3-27A14818CF1D}.Debug|Any CPU.Build.0 = Debug|Any CPU
		{69822874-4D49-4C06-9BC3-27A14818CF1D}.Release|Any CPU.ActiveCfg = Release|Any CPU
		{69822874-4D49-4C06-9BC3-27A14818CF1D}.Release|Any CPU.Build.0 = Release|Any CPU
	EndGlobalSection
	GlobalSection(SolutionProperties) = preSolution
		HideSolutionNode = FALSE
	EndGlobalSection
	GlobalSection(ExtensibilityGlobals) = postSolution
		SolutionGuid = {C9BEF3C1-2D29-4884-BDC3-022D84DDC1DF}
	EndGlobalSection
EndGlobal
