
Microsoft Visual Studio Solution File, Format Version 12.00
# Visual Studio Version 17
VisualStudioVersion = 17.3.32929.385
MinimumVisualStudioVersion = 10.0.40219.1
Project("{FAE04EC0-301F-11D3-BF4B-00C04F79EFBC}") = "LINQ product list practice", "LINQ product list practice\LINQ product list practice.csproj", "{1D40862F-E989-4EF0-99B9-21DBF6452978}"
EndProject
Global
	GlobalSection(SolutionConfigurationPlatforms) = preSolution
		Debug|Any CPU = Debug|Any CPU
		Release|Any CPU = Release|Any CPU
	EndGlobalSection
	GlobalSection(ProjectConfigurationPlatforms) = postSolution
		{1D40862F-E989-4EF0-99B9-21DBF6452978}.Debug|Any CPU.ActiveCfg = Debug|Any CPU
		{1D40862F-E989-4EF0-99B9-21DBF6452978}.Debug|Any CPU.Build.0 = Debug|Any CPU
		{1D40862F-E989-4EF0-99B9-21DBF6452978}.Release|Any CPU.ActiveCfg = Release|Any CPU
		{1D40862F-E989-4EF0-99B9-21DBF6452978}.Release|Any CPU.Build.0 = Release|Any CPU
	EndGlobalSection
	GlobalSection(SolutionProperties) = preSolution
		HideSolutionNode = FALSE
	EndGlobalSection
	GlobalSection(ExtensibilityGlobals) = postSolution
		SolutionGuid = {F0F2C9FB-150C-4A3D-A4DD-38F27D9E2236}
	EndGlobalSection
EndGlobal
