
Microsoft Visual Studio Solution File, Format Version 12.00
# Visual Studio Version 17
VisualStudioVersion = 17.3.32929.385
MinimumVisualStudioVersion = 10.0.40219.1
Project("{FAE04EC0-301F-11D3-BF4B-00C04F79EFBC}") = "Task2", "Task2\Task2.csproj", "{EE474A97-8572-4859-95D6-E722715B36D1}"
EndProject
Global
	GlobalSection(SolutionConfigurationPlatforms) = preSolution
		Debug|Any CPU = Debug|Any CPU
		Release|Any CPU = Release|Any CPU
	EndGlobalSection
	GlobalSection(ProjectConfigurationPlatforms) = postSolution
		{EE474A97-8572-4859-95D6-E722715B36D1}.Debug|Any CPU.ActiveCfg = Debug|Any CPU
		{EE474A97-8572-4859-95D6-E722715B36D1}.Debug|Any CPU.Build.0 = Debug|Any CPU
		{EE474A97-8572-4859-95D6-E722715B36D1}.Release|Any CPU.ActiveCfg = Release|Any CPU
		{EE474A97-8572-4859-95D6-E722715B36D1}.Release|Any CPU.Build.0 = Release|Any CPU
	EndGlobalSection
	GlobalSection(SolutionProperties) = preSolution
		HideSolutionNode = FALSE
	EndGlobalSection
	GlobalSection(ExtensibilityGlobals) = postSolution
		SolutionGuid = {2D8E2FD1-5165-4AD0-BCBF-3DC12D2A865C}
	EndGlobalSection
EndGlobal
