
Microsoft Visual Studio Solution File, Format Version 12.00
# Visual Studio Version 17
VisualStudioVersion = 17.3.32929.385
MinimumVisualStudioVersion = 10.0.40219.1
Project("{FAE04EC0-301F-11D3-BF4B-00C04F79EFBC}") = "Expense Menu", "Expense Menu\Expense Menu.csproj", "{6AA5C18E-7FC0-461D-B369-82A922E296CB}"
EndProject
Global
	GlobalSection(SolutionConfigurationPlatforms) = preSolution
		Debug|Any CPU = Debug|Any CPU
		Release|Any CPU = Release|Any CPU
	EndGlobalSection
	GlobalSection(ProjectConfigurationPlatforms) = postSolution
		{6AA5C18E-7FC0-461D-B369-82A922E296CB}.Debug|Any CPU.ActiveCfg = Debug|Any CPU
		{6AA5C18E-7FC0-461D-B369-82A922E296CB}.Debug|Any CPU.Build.0 = Debug|Any CPU
		{6AA5C18E-7FC0-461D-B369-82A922E296CB}.Release|Any CPU.ActiveCfg = Release|Any CPU
		{6AA5C18E-7FC0-461D-B369-82A922E296CB}.Release|Any CPU.Build.0 = Release|Any CPU
	EndGlobalSection
	GlobalSection(SolutionProperties) = preSolution
		HideSolutionNode = FALSE
	EndGlobalSection
	GlobalSection(ExtensibilityGlobals) = postSolution
		SolutionGuid = {954848B2-FEEB-4132-B83A-F17B88DA2A06}
	EndGlobalSection
EndGlobal
